
Microsoft Visual Studio Solution File, Format Version 12.00
# Visual Studio 15
VisualStudioVersion = 15.0.25914.0
MinimumVisualStudioVersion = 10.0.40219.1
Project("{2150E333-8FDC-42A3-9474-1A3956D46DE8}") = "src", "src", "{5FA63EF2-8A58-4AB1-8173-5555EB69F0A1}"
EndProject
Project("{FAE04EC0-301F-11D3-BF4B-00C04F79EFBC}") = "MovieReviewStarterKit", "src\MovieReviewStarterKit\MovieReviewStarterKit.csproj", "{69BCC327-0095-4F29-9364-53E53FF0FE38}"
EndProject
Global
	GlobalSection(SolutionConfigurationPlatforms) = preSolution
		Debug|Any CPU = Debug|Any CPU
		Release|Any CPU = Release|Any CPU
	EndGlobalSection
	GlobalSection(ProjectConfigurationPlatforms) = postSolution
		{69BCC327-0095-4F29-9364-53E53FF0FE38}.Debug|Any CPU.ActiveCfg = Debug|Any CPU
		{69BCC327-0095-4F29-9364-53E53FF0FE38}.Debug|Any CPU.Build.0 = Debug|Any CPU
		{69BCC327-0095-4F29-9364-53E53FF0FE38}.Release|Any CPU.ActiveCfg = Release|Any CPU
		{69BCC327-0095-4F29-9364-53E53FF0FE38}.Release|Any CPU.Build.0 = Release|Any CPU
	EndGlobalSection
	GlobalSection(SolutionProperties) = preSolution
		HideSolutionNode = FALSE
	EndGlobalSection
	GlobalSection(NestedProjects) = preSolution
		{69BCC327-0095-4F29-9364-53E53FF0FE38} = {5FA63EF2-8A58-4AB1-8173-5555EB69F0A1}
	EndGlobalSection
EndGlobal
